
Microsoft Visual Studio Solution File, Format Version 12.00
# Visual Studio 15
VisualStudioVersion = 15.0.28307.645
MinimumVisualStudioVersion = 10.0.40219.1
Project("{FAE04EC0-301F-11D3-BF4B-00C04F79EFBC}") = "Bitmap2OLED", "Bitmap2OLED\Bitmap2OLED.csproj", "{BA81F55B-ACA8-4C1D-80B2-811816F20F17}"
EndProject
Global
	GlobalSection(SolutionConfigurationPlatforms) = preSolution
		Debug|Any CPU = Debug|Any CPU
		Release|Any CPU = Release|Any CPU
	EndGlobalSection
	GlobalSection(ProjectConfigurationPlatforms) = postSolution
		{BA81F55B-ACA8-4C1D-80B2-811816F20F17}.Debug|Any CPU.ActiveCfg = Debug|Any CPU
		{BA81F55B-ACA8-4C1D-80B2-811816F20F17}.Debug|Any CPU.Build.0 = Debug|Any CPU
		{BA81F55B-ACA8-4C1D-80B2-811816F20F17}.Release|Any CPU.ActiveCfg = Release|Any CPU
		{BA81F55B-ACA8-4C1D-80B2-811816F20F17}.Release|Any CPU.Build.0 = Release|Any CPU
	EndGlobalSection
	GlobalSection(SolutionProperties) = preSolution
		HideSolutionNode = FALSE
	EndGlobalSection
	GlobalSection(ExtensibilityGlobals) = postSolution
		SolutionGuid = {7CE9750E-7A48-4216-88C4-A0D998861285}
	EndGlobalSection
EndGlobal
